// !$*UTF8*$!
{
	archiveVersion = 1;
	classes = {
	};
	objectVersion = 56;
	objects = {

/* Begin PBXBuildFile section */
		9A47BBE12BC00A2E00CCDE61 /* AppDelegate.swift in Sources */ = {isa = PBXBuildFile; fileRef = 9A47BBE02BC00A2E00CCDE61 /* AppDelegate.swift */; };
		9A47BBE32BC00A2E00CCDE61 /* SceneDelegate.swift in Sources */ = {isa = PBXBuildFile; fileRef = 9A47BBE22BC00A2E00CCDE61 /* SceneDelegate.swift */; };
		9A47BBE52BC00A2E00CCDE61 /* ViewController.swift in Sources */ = {isa = PBXBuildFile; fileRef = 9A47BBE42BC00A2E00CCDE61 /* ViewController.swift */; };
		9A47BBE82BC00A2E00CCDE61 /* Main.storyboard in Resources */ = {isa = PBXBuildFile; fileRef = 9A47BBE62BC00A2E00CCDE61 /* Main.storyboard */; };
		9A47BBEA2BC00A3000CCDE61 /* Assets.xcassets in Resources */ = {isa = PBXBuildFile; fileRef = 9A47BBE92BC00A3000CCDE61 /* Assets.xcassets */; };
		9A47BBED2BC00A3000CCDE61 /* LaunchScreen.storyboard in Resources */ = {isa = PBXBuildFile; fileRef = 9A47BBEB2BC00A3000CCDE61 /* LaunchScreen.storyboard */; };
		9A47BBFD2BC02C5A00CCDE61 /* HucreClassim.swift in Sources */ = {isa = PBXBuildFile; fileRef = 9A47BBFC2BC02C5A00CCDE61 /* HucreClassim.swift */; };
		9A6AAF3A2BC087EF005E2BD9 /* DetaySayfa.swift in Sources */ = {isa = PBXBuildFile; fileRef = 9A6AAF392BC087EF005E2BD9 /* DetaySayfa.swift */; };
		9AF7005A2BC060A900E398B0 /* ImagesClass.swift in Sources */ = {isa = PBXBuildFile; fileRef = 9AF700592BC060A900E398B0 /* ImagesClass.swift */; };
/* End PBXBuildFile section */

/* Begin PBXFileReference section */
		9A47BBDD2BC00A2E00CCDE61 /* LandMarkBookApp.app */ = {isa = PBXFileReference; explicitFileType = wrapper.application; includeInIndex = 0; path = LandMarkBookApp.app; sourceTree = BUILT_PRODUCTS_DIR; };
		9A47BBE02BC00A2E00CCDE61 /* AppDelegate.swift */ = {isa = PBXFileReference; lastKnownFileType = sourcecode.swift; path = AppDelegate.swift; sourceTree = "<group>"; };
		9A47BBE22BC00A2E00CCDE61 /* SceneDelegate.swift */ = {isa = PBXFileReference; lastKnownFileType = sourcecode.swift; path = SceneDelegate.swift; sourceTree = "<group>"; };
		9A47BBE42BC00A2E00CCDE61 /* ViewController.swift */ = {isa = PBXFileReference; lastKnownFileType = sourcecode.swift; path = ViewController.swift; sourceTree = "<group>"; };
		9A47BBE72BC00A2E00CCDE61 /* Base */ = {isa = PBXFileReference; lastKnownFileType = file.storyboard; name = Base; path = Base.lproj/Main.storyboard; sourceTree = "<group>"; };
		9A47BBE92BC00A3000CCDE61 /* Assets.xcassets */ = {isa = PBXFileReference; lastKnownFileType = folder.assetcatalog; path = Assets.xcassets; sourceTree = "<group>"; };
		9A47BBEC2BC00A3000CCDE61 /* Base */ = {isa = PBXFileReference; lastKnownFileType = file.storyboard; name = Base; path = Base.lproj/LaunchScreen.storyboard; sourceTree = "<group>"; };
		9A47BBEE2BC00A3000CCDE61 /* Info.plist */ = {isa = PBXFileReference; lastKnownFileType = text.plist.xml; path = Info.plist; sourceTree = "<group>"; };
		9A47BBFC2BC02C5A00CCDE61 /* HucreClassim.swift */ = {isa = PBXFileReference; lastKnownFileType = sourcecode.swift; path = HucreClassim.swift; sourceTree = "<group>"; };
		9A6AAF392BC087EF005E2BD9 /* DetaySayfa.swift */ = {isa = PBXFileReference; lastKnownFileType = sourcecode.swift; path = DetaySayfa.swift; sourceTree = "<group>"; };
		9AF700592BC060A900E398B0 /* ImagesClass.swift */ = {isa = PBXFileReference; lastKnownFileType = sourcecode.swift; path = ImagesClass.swift; sourceTree = "<group>"; };
/* End PBXFileReference section */

/* Begin PBXFrameworksBuildPhase section */
		9A47BBDA2BC00A2E00CCDE61 /* Frameworks */ = {
			isa = PBXFrameworksBuildPhase;
			buildActionMask = 2147483647;
			files = (
			);
			runOnlyForDeploymentPostprocessing = 0;
		};
/* End PBXFrameworksBuildPhase section */

/* Begin PBXGroup section */
		9A47BBD42BC00A2E00CCDE61 = {
			isa = PBXGroup;
			children = (
				9A47BBDF2BC00A2E00CCDE61 /* LandMarkBookApp */,
				9A47BBDE2BC00A2E00CCDE61 /* Products */,
			);
			sourceTree = "<group>";
		};
		9A47BBDE2BC00A2E00CCDE61 /* Products */ = {
			isa = PBXGroup;
			children = (
				9A47BBDD2BC00A2E00CCDE61 /* LandMarkBookApp.app */,
			);
			name = Products;
			sourceTree = "<group>";
		};
		9A47BBDF2BC00A2E00CCDE61 /* LandMarkBookApp */ = {
			isa = PBXGroup;
			children = (
				9A47BBE02BC00A2E00CCDE61 /* AppDelegate.swift */,
				9A47BBE22BC00A2E00CCDE61 /* SceneDelegate.swift */,
				9A47BBE42BC00A2E00CCDE61 /* ViewController.swift */,
				9A6AAF392BC087EF005E2BD9 /* DetaySayfa.swift */,
				9A47BBFC2BC02C5A00CCDE61 /* HucreClassim.swift */,
				9AF700592BC060A900E398B0 /* ImagesClass.swift */,
				9A47BBE62BC00A2E00CCDE61 /* Main.storyboard */,
				9A47BBE92BC00A3000CCDE61 /* Assets.xcassets */,
				9A47BBEB2BC00A3000CCDE61 /* LaunchScreen.storyboard */,
				9A47BBEE2BC00A3000CCDE61 /* Info.plist */,
			);
			path = LandMarkBookApp;
			sourceTree = "<group>";
		};
/* End PBXGroup section */

/* Begin PBXNativeTarget section */
		9A47BBDC2BC00A2E00CCDE61 /* LandMarkBookApp */ = {
			isa = PBXNativeTarget;
			buildConfigurationList = 9A47BBF12BC00A3000CCDE61 /* Build configuration list for PBXNativeTarget "LandMarkBookApp" */;
			buildPhases = (
				9A47BBD92BC00A2E00CCDE61 /* Sources */,
				9A47BBDA2BC00A2E00CCDE61 /* Frameworks */,
				9A47BBDB2BC00A2E00CCDE61 /* Resources */,
			);
			buildRules = (
			);
			dependencies = (
			);
			name = LandMarkBookApp;
			productName = LandMarkBookApp;
			productReference = 9A47BBDD2BC00A2E00CCDE61 /* LandMarkBookApp.app */;
			productType = "com.apple.product-type.application";
		};
/* End PBXNativeTarget section */

/* Begin PBXProject section */
		9A47BBD52BC00A2E00CCDE61 /* Project object */ = {
			isa = PBXProject;
			attributes = {
				BuildIndependentTargetsInParallel = 1;
				LastSwiftUpdateCheck = 1520;
				LastUpgradeCheck = 1520;
				TargetAttributes = {
					9A47BBDC2BC00A2E00CCDE61 = {
						CreatedOnToolsVersion = 15.2;
					};
				};
			};
			buildConfigurationList = 9A47BBD82BC00A2E00CCDE61 /* Build configuration list for PBXProject "LandMarkBookApp" */;
			compatibilityVersion = "Xcode 14.0";
			developmentRegion = en;
			hasScannedForEncodings = 0;
			knownRegions = (
				en,
				Base,
			);
			mainGroup = 9A47BBD42BC00A2E00CCDE61;
			productRefGroup = 9A47BBDE2BC00A2E00CCDE61 /* Products */;
			projectDirPath = "";
			projectRoot = "";
			targets = (
				9A47BBDC2BC00A2E00CCDE61 /* LandMarkBookApp */,
			);
		};
/* End PBXProject section */

/* Begin PBXResourcesBuildPhase section */
		9A47BBDB2BC00A2E00CCDE61 /* Resources */ = {
			isa = PBXResourcesBuildPhase;
			buildActionMask = 2147483647;
			files = (
				9A47BBED2BC00A3000CCDE61 /* LaunchScreen.storyboard in Resources */,
				9A47BBEA2BC00A3000CCDE61 /* Assets.xcassets in Resources */,
				9A47BBE82BC00A2E00CCDE61 /* Main.storyboard in Resources */,
			);
			runOnlyForDeploymentPostprocessing = 0;
		};
/* End PBXResourcesBuildPhase section */

/* Begin PBXSourcesBuildPhase section */
		9A47BBD92BC00A2E00CCDE61 /* Sources */ = {
			isa = PBXSourcesBuildPhase;
			buildActionMask = 2147483647;
			files = (
				9A47BBFD2BC02C5A00CCDE61 /* HucreClassim.swift in Sources */,
				9A47BBE52BC00A2E00CCDE61 /* ViewController.swift in Sources */,
				9AF7005A2BC060A900E398B0 /* ImagesClass.swift in Sources */,
				9A47BBE12BC00A2E00CCDE61 /* AppDelegate.swift in Sources */,
				9A6AAF3A2BC087EF005E2BD9 /* DetaySayfa.swift in Sources */,
				9A47BBE32BC00A2E00CCDE61 /* SceneDelegate.swift in Sources */,
			);
			runOnlyForDeploymentPostprocessing = 0;
		};
/* End PBXSourcesBuildPhase section */

/* Begin PBXVariantGroup section */
		9A47BBE62BC00A2E00CCDE61 /* Main.storyboard */ = {
			isa = PBXVariantGroup;
			children = (
				9A47BBE72BC00A2E00CCDE61 /* Base */,
			);
			name = Main.storyboard;
			sourceTree = "<group>";
		};
		9A47BBEB2BC00A3000CCDE61 /* LaunchScreen.storyboard */ = {
			isa = PBXVariantGroup;
			children = (
				9A47BBEC2BC00A3000CCDE61 /* Base */,
			);
			name = LaunchScreen.storyboard;
			sourceTree = "<group>";
		};
/* End PBXVariantGroup section */

/* Begin XCBuildConfiguration section */
		9A47BBEF2BC00A3000CCDE61 /* Debug */ = {
			isa = XCBuildConfiguration;
			buildSettings = {
				ALWAYS_SEARCH_USER_PATHS = NO;
				ASSETCATALOG_COMPILER_GENERATE_SWIFT_ASSET_SYMBOL_EXTENSIONS = YES;
				CLANG_ANALYZER_NONNULL = YES;
				CLANG_ANALYZER_NUMBER_OBJECT_CONVERSION = YES_AGGRESSIVE;
				CLANG_CXX_LANGUAGE_STANDARD = "gnu++20";
				CLANG_ENABLE_MODULES = YES;
				CLANG_ENABLE_OBJC_ARC = YES;
				CLANG_ENABLE_OBJC_WEAK = YES;
				CLANG_WARN_BLOCK_CAPTURE_AUTORELEASING = YES;
				CLANG_WARN_BOOL_CONVERSION = YES;
				CLANG_WARN_COMMA = YES;
				CLANG_WARN_CONSTANT_CONVERSION = YES;
				CLANG_WARN_DEPRECATED_OBJC_IMPLEMENTATIONS = YES;
				CLANG_WARN_DIRECT_OBJC_ISA_USAGE = YES_ERROR;
				CLANG_WARN_DOCUMENTATION_COMMENTS = YES;
				CLANG_WARN_EMPTY_BODY = YES;
				CLANG_WARN_ENUM_CONVERSION = YES;
				CLANG_WARN_INFINITE_RECURSION = YES;
				CLANG_WARN_INT_CONVERSION = YES;
				CLANG_WARN_NON_LITERAL_NULL_CONVERSION = YES;
				CLANG_WARN_OBJC_IMPLICIT_RETAIN_SELF = YES;
				CLANG_WARN_OBJC_LITERAL_CONVERSION = YES;
				CLANG_WARN_OBJC_ROOT_CLASS = YES_ERROR;
				CLANG_WARN_QUOTED_INCLUDE_IN_FRAMEWORK_HEADER = YES;
				CLANG_WARN_RANGE_LOOP_ANALYSIS = YES;
				CLANG_WARN_STRICT_PROTOTYPES = YES;
				CLANG_WARN_SUSPICIOUS_MOVE = YES;
				CLANG_WARN_UNGUARDED_AVAILABILITY = YES_AGGRESSIVE;
				CLANG_WARN_UNREACHABLE_CODE = YES;
				CLANG_WARN__DUPLICATE_METHOD_MATCH = YES;
				COPY_PHASE_STRIP = NO;
				DEBUG_INFORMATION_FORMAT = dwarf;
				ENABLE_STRICT_OBJC_MSGSEND = YES;
				ENABLE_TESTABILITY = YES;
				ENABLE_USER_SCRIPT_SANDBOXING = YES;
				GCC_C_LANGUAGE_STANDARD = gnu17;
				GCC_DYNAMIC_NO_PIC = NO;
				GCC_NO_COMMON_BLOCKS = YES;
				GCC_OPTIMIZATION_LEVEL = 0;
				GCC_PREPROCESSOR_DEFINITIONS = (
					"DEBUG=1",
					"$(inherited)",
				);
				GCC_WARN_64_TO_32_BIT_CONVERSION = YES;
				GCC_WARN_ABOUT_RETURN_TYPE = YES_ERROR;
				GCC_WARN_UNDECLARED_SELECTOR = YES;
				GCC_WARN_UNINITIALIZED_AUTOS = YES_AGGRESSIVE;
				GCC_WARN_UNUSED_FUNCTION = YES;
				GCC_WARN_UNUSED_VARIABLE = YES;
				IPHONEOS_DEPLOYMENT_TARGET = 17.2;
				LOCALIZATION_PREFERS_STRING_CATALOGS = YES;
				MTL_ENABLE_DEBUG_INFO = INCLUDE_SOURCE;
				MTL_FAST_MATH = YES;
				ONLY_ACTIVE_ARCH = YES;
				SDKROOT = iphoneos;
				SWIFT_ACTIVE_COMPILATION_CONDITIONS = "DEBUG $(inherited)";
				SWIFT_OPTIMIZATION_LEVEL = "-Onone";
			};
			name = Debug;
		};
		9A47BBF02BC00A3000CCDE61 /* Release */ = {
			isa = XCBuildConfiguration;
			buildSettings = {
				ALWAYS_SEARCH_USER_PATHS = NO;
				ASSETCATALOG_COMPILER_GENERATE_SWIFT_ASSET_SYMBOL_EXTENSIONS = YES;
				CLANG_ANALYZER_NONNULL = YES;
				CLANG_ANALYZER_NUMBER_OBJECT_CONVERSION = YES_AGGRESSIVE;
				CLANG_CXX_LANGUAGE_STANDARD = "gnu++20";
				CLANG_ENABLE_MODULES = YES;
				CLANG_ENABLE_OBJC_ARC = YES;
				CLANG_ENABLE_OBJC_WEAK = YES;
				CLANG_WARN_BLOCK_CAPTURE_AUTORELEASING = YES;
				CLANG_WARN_BOOL_CONVERSION = YES;
				CLANG_WARN_COMMA = YES;
				CLANG_WARN_CONSTANT_CONVERSION = YES;
				CLANG_WARN_DEPRECATED_OBJC_IMPLEMENTATIONS = YES;
				CLANG_WARN_DIRECT_OBJC_ISA_USAGE = YES_ERROR;
				CLANG_WARN_DOCUMENTATION_COMMENTS = YES;
				CLANG_WARN_EMPTY_BODY = YES;
				CLANG_WARN_ENUM_CONVERSION = YES;
				CLANG_WARN_INFINITE_RECURSION = YES;
				CLANG_WARN_INT_CONVERSION = YES;
				CLANG_WARN_NON_LITERAL_NULL_CONVERSION = YES;
				CLANG_WARN_OBJC_IMPLICIT_RETAIN_SELF = YES;
				CLANG_WARN_OBJC_LITERAL_CONVERSION = YES;
				CLANG_WARN_OBJC_ROOT_CLASS = YES_ERROR;
				CLANG_WARN_QUOTED_INCLUDE_IN_FRAMEWORK_HEADER = YES;
				CLANG_WARN_RANGE_LOOP_ANALYSIS = YES;
				CLANG_WARN_STRICT_PROTOTYPES = YES;
				CLANG_WARN_SUSPICIOUS_MOVE = YES;
				CLANG_WARN_UNGUARDED_AVAILABILITY = YES_AGGRESSIVE;
				CLANG_WARN_UNREACHABLE_CODE = YES;
				CLANG_WARN__DUPLICATE_METHOD_MATCH = YES;
				COPY_PHASE_STRIP = NO;
				DEBUG_INFORMATION_FORMAT = "dwarf-with-dsym";
				ENABLE_NS_ASSERTIONS = NO;
				ENABLE_STRICT_OBJC_MSGSEND = YES;
				ENABLE_USER_SCRIPT_SANDBOXING = YES;
				GCC_C_LANGUAGE_STANDARD = gnu17;
				GCC_NO_COMMON_BLOCKS = YES;
				GCC_WARN_64_TO_32_BIT_CONVERSION = YES;
				GCC_WARN_ABOUT_RETURN_TYPE = YES_ERROR;
				GCC_WARN_UNDECLARED_SELECTOR = YES;
				GCC_WARN_UNINITIALIZED_AUTOS = YES_AGGRESSIVE;
				GCC_WARN_UNUSED_FUNCTION = YES;
				GCC_WARN_UNUSED_VARIABLE = YES;
				IPHONEOS_DEPLOYMENT_TARGET = 17.2;
				LOCALIZATION_PREFERS_STRING_CATALOGS = YES;
				MTL_ENABLE_DEBUG_INFO = NO;
				MTL_FAST_MATH = YES;
				SDKROOT = iphoneos;
				SWIFT_COMPILATION_MODE = wholemodule;
				VALIDATE_PRODUCT = YES;
			};
			name = Release;
		};
		9A47BBF22BC00A3000CCDE61 /* Debug */ = {
			isa = XCBuildConfiguration;
			buildSettings = {
				ASSETCATALOG_COMPILER_APPICON_NAME = AppIcon;
				ASSETCATALOG_COMPILER_GLOBAL_ACCENT_COLOR_NAME = AccentColor;
				CODE_SIGN_STYLE = Automatic;
				CURRENT_PROJECT_VERSION = 1;
				DEVELOPMENT_TEAM = C7ARWWDA2H;
				GENERATE_INFOPLIST_FILE = YES;
				INFOPLIST_FILE = LandMarkBookApp/Info.plist;
				INFOPLIST_KEY_UIApplicationSupportsIndirectInputEvents = YES;
				INFOPLIST_KEY_UILaunchStoryboardName = LaunchScreen;
				INFOPLIST_KEY_UIMainStoryboardFile = Main;
				INFOPLIST_KEY_UISupportedInterfaceOrientations_iPad = "UIInterfaceOrientationPortrait UIInterfaceOrientationPortraitUpsideDown UIInterfaceOrientationLandscapeLeft UIInterfaceOrientationLandscapeRight";
				INFOPLIST_KEY_UISupportedInterfaceOrientations_iPhone = "UIInterfaceOrientationPortrait UIInterfaceOrientationLandscapeLeft UIInterfaceOrientationLandscapeRight";
				LD_RUNPATH_SEARCH_PATHS = (
					"$(inherited)",
					"@executable_path/Frameworks",
				);
				MARKETING_VERSION = 1.0;
				PRODUCT_BUNDLE_IDENTIFIER = com.zcnzdmr.LandMarkBookApp;
				PRODUCT_NAME = "$(TARGET_NAME)";
				SWIFT_EMIT_LOC_STRINGS = YES;
				SWIFT_VERSION = 5.0;
				TARGETED_DEVICE_FAMILY = "1,2";
			};
			name = Debug;
		};
		9A47BBF32BC00A3000CCDE61 /* Release */ = {
			isa = XCBuildConfiguration;
			buildSettings = {
				ASSETCATALOG_COMPILER_APPICON_NAME = AppIcon;
				ASSETCATALOG_COMPILER_GLOBAL_ACCENT_COLOR_NAME = AccentColor;
				CODE_SIGN_STYLE = Automatic;
				CURRENT_PROJECT_VERSION = 1;
				DEVELOPMENT_TEAM = C7ARWWDA2H;
				GENERATE_INFOPLIST_FILE = YES;
				INFOPLIST_FILE = LandMarkBookApp/Info.plist;
				INFOPLIST_KEY_UIApplicationSupportsIndirectInputEvents = YES;
				INFOPLIST_KEY_UILaunchStoryboardName = LaunchScreen;
				INFOPLIST_KEY_UIMainStoryboardFile = Main;
				INFOPLIST_KEY_UISupportedInterfaceOrientations_iPad = "UIInterfaceOrientationPortrait UIInterfaceOrientationPortraitUpsideDown UIInterfaceOrientationLandscapeLeft UIInterfaceOrientationLandscapeRight";
				INFOPLIST_KEY_UISupportedInterfaceOrientations_iPhone = "UIInterfaceOrientationPortrait UIInterfaceOrientationLandscapeLeft UIInterfaceOrientationLandscapeRight";
				LD_RUNPATH_SEARCH_PATHS = (
					"$(inherited)",
					"@executable_path/Frameworks",
				);
				MARKETING_VERSION = 1.0;
				PRODUCT_BUNDLE_IDENTIFIER = com.zcnzdmr.LandMarkBookApp;
				PRODUCT_NAME = "$(TARGET_NAME)";
				SWIFT_EMIT_LOC_STRINGS = YES;
				SWIFT_VERSION = 5.0;
				TARGETED_DEVICE_FAMILY = "1,2";
			};
			name = Release;
		};
/* End XCBuildConfiguration section */

/* Begin XCConfigurationList section */
		9A47BBD82BC00A2E00CCDE61 /* Build configuration list for PBXProject "LandMarkBookApp" */ = {
			isa = XCConfigurationList;
			buildConfigurations = (
				9A47BBEF2BC00A3000CCDE61 /* Debug */,
				9A47BBF02BC00A3000CCDE61 /* Release */,
			);
			defaultConfigurationIsVisible = 0;
			defaultConfigurationName = Release;
		};
		9A47BBF12BC00A3000CCDE61 /* Build configuration list for PBXNativeTarget "LandMarkBookApp" */ = {
			isa = XCConfigurationList;
			buildConfigurations = (
				9A47BBF22BC00A3000CCDE61 /* Debug */,
				9A47BBF32BC00A3000CCDE61 /* Release */,
			);
			defaultConfigurationIsVisible = 0;
			defaultConfigurationName = Release;
		};
/* End XCConfigurationList section */
	};
	rootObject = 9A47BBD52BC00A2E00CCDE61 /* Project object */;
}
